
Microsoft Visual Studio Solution File, Format Version 12.00
# Visual Studio Version 16
VisualStudioVersion = 16.0.29418.71
MinimumVisualStudioVersion = 10.0.40219.1
Project("{FAE04EC0-301F-11D3-BF4B-00C04F79EFBC}") = "UserManagement", "UserManagement\UserManagement.csproj", "{D1483767-E782-4B39-8877-36A3CF19E0D8}"
EndProject
Global
	GlobalSection(SolutionConfigurationPlatforms) = preSolution
		Debug|Any CPU = Debug|Any CPU
		Release|Any CPU = Release|Any CPU
	EndGlobalSection
	GlobalSection(ProjectConfigurationPlatforms) = postSolution
		{D1483767-E782-4B39-8877-36A3CF19E0D8}.Debug|Any CPU.ActiveCfg = Debug|Any CPU
		{D1483767-E782-4B39-8877-36A3CF19E0D8}.Debug|Any CPU.Build.0 = Debug|Any CPU
		{D1483767-E782-4B39-8877-36A3CF19E0D8}.Release|Any CPU.ActiveCfg = Release|Any CPU
		{D1483767-E782-4B39-8877-36A3CF19E0D8}.Release|Any CPU.Build.0 = Release|Any CPU
	EndGlobalSection
	GlobalSection(SolutionProperties) = preSolution
		HideSolutionNode = FALSE
	EndGlobalSection
	GlobalSection(ExtensibilityGlobals) = postSolution
		SolutionGuid = {EFC4C92B-44B2-4C72-925E-FD3B71780956}
	EndGlobalSection
EndGlobal
